Microsoft Visual Studio Solution File, Format Version 11.00
# Visual Studio 2008

Project("{BEE0B40A-E68F-142F-CC49-0757EA376C79}") = "Monster vs monster vs anything 4", "Assembly-CSharp.csproj", "{E6657DC3-E33D-E80D-7892-6C8BB0013AB7}"
EndProject
Project("{BEE0B40A-E68F-142F-CC49-0757EA376C79}") = "Monster vs monster vs anything 4", "Assembly-CSharp-Editor.csproj", "{9BABF59F-DC98-B186-8283-8C179C0515F5}"
EndProject
Global
	GlobalSection(SolutionConfigurationPlatforms) = preSolution
		Debug|Any CPU = Debug|Any CPU
		Release|Any CPU = Release|Any CPU
	EndGlobalSection
	GlobalSection(ProjectConfigurationPlatforms) = postSolution
		{E6657DC3-E33D-E80D-7892-6C8BB0013AB7}.Debug|Any CPU.ActiveCfg = Debug|Any CPU
		{E6657DC3-E33D-E80D-7892-6C8BB0013AB7}.Debug|Any CPU.Build.0 = Debug|Any CPU
		{E6657DC3-E33D-E80D-7892-6C8BB0013AB7}.Release|Any CPU.ActiveCfg = Release|Any CPU
		{E6657DC3-E33D-E80D-7892-6C8BB0013AB7}.Release|Any CPU.Build.0 = Release|Any CPU
		{9BABF59F-DC98-B186-8283-8C179C0515F5}.Debug|Any CPU.ActiveCfg = Debug|Any CPU
		{9BABF59F-DC98-B186-8283-8C179C0515F5}.Debug|Any CPU.Build.0 = Debug|Any CPU
		{9BABF59F-DC98-B186-8283-8C179C0515F5}.Release|Any CPU.ActiveCfg = Release|Any CPU
		{9BABF59F-DC98-B186-8283-8C179C0515F5}.Release|Any CPU.Build.0 = Release|Any CPU
	EndGlobalSection
	GlobalSection(SolutionProperties) = preSolution
		HideSolutionNode = FALSE
	EndGlobalSection
																																																			GlobalSection(MonoDevelopProperties) = preSolution
		StartupItem = Assembly-CSharp.csproj
		Policies = $0
		$0.TextStylePolicy = $1
		$1.inheritsSet = null
		$1.scope = text/x-csharp
		$0.CSharpFormattingPolicy = $2
		$2.inheritsSet = Mono
		$2.inheritsScope = text/x-csharp
		$2.scope = text/x-csharp
		$0.TextStylePolicy = $3
		$3.FileWidth = 120
		$3.TabWidth = 4
		$3.EolMarker = Unix
		$3.inheritsSet = Mono
		$3.inheritsScope = text/plain
		$3.scope = text/plain
	EndGlobalSection

EndGlobal
